
Microsoft Visual Studio Solution File, Format Version 12.00
# Visual Studio Version 17
VisualStudioVersion = 17.11.35327.3
MinimumVisualStudioVersion = 10.0.40219.1
Project("{C9674DCB-5085-4A16-B785-4C70DD1589BD}") = "Sales_Shipping", "Sales_Shipping.dtproj", "{BD7B37A0-78C7-401B-8562-74818D18BC15}"
EndProject
Global
	GlobalSection(SolutionConfigurationPlatforms) = preSolution
		Development|Default = Development|Default
	EndGlobalSection
	GlobalSection(ProjectConfigurationPlatforms) = postSolution
		{BD7B37A0-78C7-401B-8562-74818D18BC15}.Development|Default.ActiveCfg = Development
		{BD7B37A0-78C7-401B-8562-74818D18BC15}.Development|Default.Build.0 = Development
	EndGlobalSection
	GlobalSection(SolutionProperties) = preSolution
		HideSolutionNode = FALSE
	EndGlobalSection
	GlobalSection(ExtensibilityGlobals) = postSolution
		SolutionGuid = {797F82E0-9823-49E8-95B9-D41EBD21B698}
	EndGlobalSection
EndGlobal
